
Microsoft Visual Studio Solution File, Format Version 12.00
# Visual Studio Version 17
VisualStudioVersion = 17.5.33530.505
MinimumVisualStudioVersion = 10.0.40219.1
Project("{9A19103F-16F7-4668-BE54-9A1E7A4F7556}") = "NouveauP7API", "NouveauP7API\NouveauP7API.csproj", "{AC3041CF-020A-4C1F-ACD7-8D522CFEAF5B}"
EndProject
Project("{FAE04EC0-301F-11D3-BF4B-00C04F79EFBC}") = "TestUnitP7", "TestUnitP7\TestUnitP7.csproj", "{8827A555-0C41-45DF-9D8F-C665CEBE60F0}"
EndProject
Global
	GlobalSection(SolutionConfigurationPlatforms) = preSolution
		Debug|Any CPU = Debug|Any CPU
		Release|Any CPU = Release|Any CPU
	EndGlobalSection
	GlobalSection(ProjectConfigurationPlatforms) = postSolution
		{AC3041CF-020A-4C1F-ACD7-8D522CFEAF5B}.Debug|Any CPU.ActiveCfg = Debug|Any CPU
		{AC3041CF-020A-4C1F-ACD7-8D522CFEAF5B}.Debug|Any CPU.Build.0 = Debug|Any CPU
		{AC3041CF-020A-4C1F-ACD7-8D522CFEAF5B}.Release|Any CPU.ActiveCfg = Release|Any CPU
		{AC3041CF-020A-4C1F-ACD7-8D522CFEAF5B}.Release|Any CPU.Build.0 = Release|Any CPU
		{8827A555-0C41-45DF-9D8F-C665CEBE60F0}.Debug|Any CPU.ActiveCfg = Debug|Any CPU
		{8827A555-0C41-45DF-9D8F-C665CEBE60F0}.Debug|Any CPU.Build.0 = Debug|Any CPU
		{8827A555-0C41-45DF-9D8F-C665CEBE60F0}.Release|Any CPU.ActiveCfg = Release|Any CPU
		{8827A555-0C41-45DF-9D8F-C665CEBE60F0}.Release|Any CPU.Build.0 = Release|Any CPU
	EndGlobalSection
	GlobalSection(SolutionProperties) = preSolution
		HideSolutionNode = FALSE
	EndGlobalSection
	GlobalSection(ExtensibilityGlobals) = postSolution
		SolutionGuid = {687F9C94-D29B-4D2C-AC0C-8F76D98B4A99}
	EndGlobalSection
EndGlobal
